
Microsoft Visual Studio Solution File, Format Version 12.00
# Visual Studio Version 16
VisualStudioVersion = 16.0.30204.135
MinimumVisualStudioVersion = 10.0.40219.1
Project("{FAE04EC0-301F-11D3-BF4B-00C04F79EFBC}") = "CustomerOrderService", "CustomerOrderService\CustomerOrderService.csproj", "{F33B5DB1-B2AB-4E8E-8217-14D25C28ED75}"
EndProject
Project("{FAE04EC0-301F-11D3-BF4B-00C04F79EFBC}") = "CustomerOrderService.Tests", "CustomerOrderService.Tests\CustomerOrderService.Tests.csproj", "{E3A3F03C-3D4F-4F27-8689-C5A75B10C391}"
EndProject
Global
	GlobalSection(SolutionConfigurationPlatforms) = preSolution
		Debug|Any CPU = Debug|Any CPU
		Release|Any CPU = Release|Any CPU
	EndGlobalSection
	GlobalSection(ProjectConfigurationPlatforms) = postSolution
		{F33B5DB1-B2AB-4E8E-8217-14D25C28ED75}.Debug|Any CPU.ActiveCfg = Debug|Any CPU
		{F33B5DB1-B2AB-4E8E-8217-14D25C28ED75}.Debug|Any CPU.Build.0 = Debug|Any CPU
		{F33B5DB1-B2AB-4E8E-8217-14D25C28ED75}.Release|Any CPU.ActiveCfg = Release|Any CPU
		{F33B5DB1-B2AB-4E8E-8217-14D25C28ED75}.Release|Any CPU.Build.0 = Release|Any CPU
		{E3A3F03C-3D4F-4F27-8689-C5A75B10C391}.Debug|Any CPU.ActiveCfg = Debug|Any CPU
		{E3A3F03C-3D4F-4F27-8689-C5A75B10C391}.Debug|Any CPU.Build.0 = Debug|Any CPU
		{E3A3F03C-3D4F-4F27-8689-C5A75B10C391}.Release|Any CPU.ActiveCfg = Release|Any CPU
		{E3A3F03C-3D4F-4F27-8689-C5A75B10C391}.Release|Any CPU.Build.0 = Release|Any CPU
	EndGlobalSection
	GlobalSection(SolutionProperties) = preSolution
		HideSolutionNode = FALSE
	EndGlobalSection
	GlobalSection(ExtensibilityGlobals) = postSolution
		SolutionGuid = {DB627865-B666-4320-9350-F379DCB4BA55}
	EndGlobalSection
EndGlobal
